
Microsoft Visual Studio Solution File, Format Version 12.00
# Visual Studio Version 16
VisualStudioVersion = 16.0.31105.61
MinimumVisualStudioVersion = 10.0.40219.1
Project("{9A19103F-16F7-4668-BE54-9A1E7A4F7556}") = "TrackerLibrary", "TrackerLibrary\TrackerLibrary.csproj", "{8F61DA78-B3DB-48B2-833B-E0EE4620383E}"
EndProject
Project("{9A19103F-16F7-4668-BE54-9A1E7A4F7556}") = "TrackerUI", "TrackerUI\TrackerUI.csproj", "{34081476-6265-40FB-88B0-F9C18831675C}"
EndProject
Global
	GlobalSection(SolutionConfigurationPlatforms) = preSolution
		Debug|Any CPU = Debug|Any CPU
		Release|Any CPU = Release|Any CPU
	EndGlobalSection
	GlobalSection(ProjectConfigurationPlatforms) = postSolution
		{8F61DA78-B3DB-48B2-833B-E0EE4620383E}.Debug|Any CPU.ActiveCfg = Debug|Any CPU
		{8F61DA78-B3DB-48B2-833B-E0EE4620383E}.Debug|Any CPU.Build.0 = Debug|Any CPU
		{8F61DA78-B3DB-48B2-833B-E0EE4620383E}.Release|Any CPU.ActiveCfg = Release|Any CPU
		{8F61DA78-B3DB-48B2-833B-E0EE4620383E}.Release|Any CPU.Build.0 = Release|Any CPU
		{34081476-6265-40FB-88B0-F9C18831675C}.Debug|Any CPU.ActiveCfg = Debug|Any CPU
		{34081476-6265-40FB-88B0-F9C18831675C}.Debug|Any CPU.Build.0 = Debug|Any CPU
		{34081476-6265-40FB-88B0-F9C18831675C}.Release|Any CPU.ActiveCfg = Release|Any CPU
		{34081476-6265-40FB-88B0-F9C18831675C}.Release|Any CPU.Build.0 = Release|Any CPU
	EndGlobalSection
	GlobalSection(SolutionProperties) = preSolution
		HideSolutionNode = FALSE
	EndGlobalSection
	GlobalSection(ExtensibilityGlobals) = postSolution
		SolutionGuid = {8CDA0A85-5670-4176-A36F-FDDCCE7182A9}
	EndGlobalSection
EndGlobal
